module: schemas_lock
target: rust
entries:
  - promptLines:
      - 6
      - 6
    file: schemas_lock/src/lib.rs
    lines:
      - 3
      - 3
    note: brings in serde derive traits
  - promptLines:
      - 25
      - 27
    file: schemas_lock/src/lib.rs
    lines:
      - 138
      - 138
    note: calls extensions crate default_prompt_aliases
  - promptLines:
      - 38
      - 41
    file: schemas_lock/src/lib.rs
    lines:
      - 11
      - 16
    note: Backend enum, kebab-case, copy/eq derives
  - promptLines:
      - 42
      - 43
    file: schemas_lock/src/lib.rs
    lines:
      - 18
      - 24
    note: AgentPreset enum, lowercase serde
  - promptLines:
      - 44
      - 48
    file: schemas_lock/src/lib.rs
    lines:
      - 26
      - 32
    note: AgentConfig struct, deny_unknown_fields, optional command
  - promptLines:
      - 45
      - 46
    file: schemas_lock/src/lib.rs
    lines:
      - 30
      - 31
    note: command skipped when None, defaults None
  - promptLines:
      - 46
      - 48
    file: schemas_lock/src/lib.rs
    lines:
      - 27
      - 27
    note: deny unknown fields
  - promptLines:
      - 49
      - 50
    file: schemas_lock/src/lib.rs
    lines:
      - 34
      - 36
    note: HlLock struct with model String
  - promptLines:
      - 50
      - 50
    file: schemas_lock/src/lib.rs
    lines:
      - 37
      - 38
    note: backend defaults to claude-cli when absent
  - promptLines:
      - 51
      - 52
    file: schemas_lock/src/lib.rs
    lines:
      - 39
      - 40
    note: promptAliases camelCase key, omitted when absent
  - promptLines:
      - 53
      - 53
    file: schemas_lock/src/lib.rs
    lines:
      - 41
      - 42
    note: optional agent omitted when absent
  - promptLines:
      - 50
      - 50
    file: schemas_lock/src/lib.rs
    lines:
      - 45
      - 47
    note: default_backend_value helper
  - promptLines:
      - 57
      - 57
    file: schemas_lock/src/lib.rs
    lines:
      - 7
      - 7
    note: DEFAULT_MODEL constant
  - promptLines:
      - 58
      - 58
    file: schemas_lock/src/lib.rs
    lines:
      - 8
      - 8
    note: DEFAULT_BACKEND constant
  - promptLines:
      - 59
      - 59
    file: schemas_lock/src/lib.rs
    lines:
      - 9
      - 9
    note: DEFAULT_AGENT_PRESET constant
  - promptLines:
      - 60
      - 60
    file: schemas_lock/src/lib.rs
    lines:
      - 49
      - 54
    note: "default_agent_config: claude preset, no command"
  - promptLines:
      - 64
      - 67
    file: schemas_lock/src/lib.rs
    lines:
      - 113
      - 114
    note: parse_lock deserializes JSON, error not panic
  - promptLines:
      - 69
      - 69
    file: schemas_lock/src/lib.rs
    lines:
      - 116
      - 118
    note: empty model is validation error
  - promptLines:
      - 70
      - 70
    file: schemas_lock/src/lib.rs
    lines:
      - 120
      - 126
    note: validate each prompt alias if present
  - promptLines:
      - 71
      - 71
    file: schemas_lock/src/lib.rs
    lines:
      - 128
      - 130
    note: validate agent if present
  - promptLines:
      - 64
      - 64
    file: schemas_lock/src/lib.rs
    lines:
      - 132
      - 132
    note: returns validated lock
  - promptLines:
      - 77
      - 77
    file: schemas_lock/src/lib.rs
    lines:
      - 84
      - 86
    note: alias must start with dot
  - promptLines:
      - 78
      - 79
    file: schemas_lock/src/lib.rs
    lines:
      - 87
      - 90
    note: 1 or 2 code points after dot
  - promptLines:
      - 80
      - 82
    file: schemas_lock/src/lib.rs
    lines:
      - 5
      - 5
    note: ZWJ constant U+200D
  - promptLines:
      - 80
      - 82
    file: schemas_lock/src/lib.rs
    lines:
      - 91
      - 93
    note: reject aliases containing ZWJ
  - promptLines:
      - 91
      - 92
    file: schemas_lock/src/lib.rs
    lines:
      - 99
      - 102
    note: custom preset requires non-empty command
  - promptLines:
      - 93
      - 94
    file: schemas_lock/src/lib.rs
    lines:
      - 103
      - 109
    note: claude/codex must not carry command
  - promptLines:
      - 100
      - 102
    file: schemas_lock/src/lib.rs
    lines:
      - 135
      - 139
    note: resolve_prompt_aliases override or curated default
  - promptLines:
      - 103
      - 104
    file: schemas_lock/src/lib.rs
    lines:
      - 141
      - 143
    note: resolve_agent_config override or default
